
Microsoft Visual Studio Solution File, Format Version 12.00
# Visual Studio Version 17
VisualStudioVersion = 17.1.32328.378
MinimumVisualStudioVersion = 10.0.40219.1
Project("{2150E333-8FDC-42A3-9474-1A3956D46DE8}") = "Tests", "Tests", "{2BA97CAD-A376-4E22-9A17-4B8C7885019A}"
EndProject
Project("{9A19103F-16F7-4668-BE54-9A1E7A4F7556}") = "PDS.SpaceFE.RBG.Source.Module", "src\PDS.SpaceFE.RBG.Source.Module\PDS.SpaceFE.RBG.Source.Module.csproj", "{4432D07B-6FB1-4089-A921-3831E3E8212A}"
EndProject
Project("{9A19103F-16F7-4668-BE54-9A1E7A4F7556}") = "PDS.SpaceFE.RBG.Source.App", "src\PDS.SpaceFE.RBG.Source.App\PDS.SpaceFE.RBG.Source.App.csproj", "{9D76F400-FF5A-424E-9CFE-3E4B00DDB64E}"
EndProject
Project("{9A19103F-16F7-4668-BE54-9A1E7A4F7556}") = "PDS.SpaceFE.RBG.PADS.Module", "src\PDS.SpaceFE.RBG.PADS.Module\PDS.SpaceFE.RBG.PADS.Module.csproj", "{F02F80E5-DA46-4E19-8A18-1D58CDDCFF1C}"
EndProject
Project("{2150E333-8FDC-42A3-9474-1A3956D46DE8}") = "SpaceFE.RBG", "SpaceFE.RBG", "{D718B04E-2C0F-45C1-9219-3BE5A6C744C0}"
EndProject
Project("{9A19103F-16F7-4668-BE54-9A1E7A4F7556}") = "PDS.SpaceFE.RBG.Common", "src\PDS.SpaceFE.RBG.Common\PDS.SpaceFE.RBG.Common.csproj", "{20C9D1E8-1AFD-47A0-82A9-DFE6D084CEA2}"
EndProject
Project("{9A19103F-16F7-4668-BE54-9A1E7A4F7556}") = "PDS.SpaceFE.RBG.PADS.App", "src\PDS.SpaceFE.RBG.PADS.App\PDS.SpaceFE.RBG.PADS.App.csproj", "{F774DFDE-BE8D-42A5-9342-7CDCEF31BACA}"
EndProject
Project("{9A19103F-16F7-4668-BE54-9A1E7A4F7556}") = "PDS.SpaceFE.RBG.PADS.Module.Tests", "test\PDS.SpaceFE.RBG.PADS.Module.Tests\PDS.SpaceFE.RBG.PADS.Module.Tests.csproj", "{27BB05E7-4F1C-496E-91E1-272C379692C7}"
EndProject
Project("{2150E333-8FDC-42A3-9474-1A3956D46DE8}") = "SpaceFE.RBG", "SpaceFE.RBG", "{32D79FEE-C644-4F3D-B52A-EE3EFA0F096B}"
EndProject
Project("{9A19103F-16F7-4668-BE54-9A1E7A4F7556}") = "PDS.SpaceBE.RBG.PADS.Module", "src\PDS.SpaceBE.RBG.PADS.Module\PDS.SpaceBE.RBG.PADS.Module.csproj", "{32CED335-7D2A-49C7-9D10-986176EAB9F6}"
EndProject
Project("{9A19103F-16F7-4668-BE54-9A1E7A4F7556}") = "PDS.SpaceBE.RBG.Source.Module", "src\PDS.SpaceBE.RBG.Source.Module\PDS.SpaceBE.RBG.Source.Module.csproj", "{C3D6AC3F-BA7C-4976-AC76-E968DE5B1E75}"
EndProject
Project("{9A19103F-16F7-4668-BE54-9A1E7A4F7556}") = "PDS.SpaceBE.RBG.PADS.App", "src\PDS.SpaceBE.RBG.PADS.App\PDS.SpaceBE.RBG.PADS.App.csproj", "{B14935A4-93F9-47BE-B617-780CDA6672D3}"
EndProject
Project("{9A19103F-16F7-4668-BE54-9A1E7A4F7556}") = "PDS.SpaceBE.RBG.Common", "src\PDS.SpaceBE.RBG.Common\PDS.SpaceBE.RBG.Common.csproj", "{D8DF4818-7640-4A19-B8B9-B6F1FDC63088}"
EndProject
Project("{9A19103F-16F7-4668-BE54-9A1E7A4F7556}") = "PDS.SpaceBE.RBG.Source.App", "src\PDS.SpaceBE.RBG.Source.App\PDS.SpaceBE.RBG.Source.App.csproj", "{E4CE7EA6-2832-4A96-88BB-B3C83DC1B2D5}"
EndProject
Project("{2150E333-8FDC-42A3-9474-1A3956D46DE8}") = "SpaceBE.RBG", "SpaceBE.RBG", "{22B72EB1-BBE7-4D53-9A0A-B126F433BAE4}"
EndProject
Project("{9A19103F-16F7-4668-BE54-9A1E7A4F7556}") = "PDS.Space.Common", "src\PDS.Space.Common\PDS.Space.Common.csproj", "{1FA37003-287D-4DA8-8659-9D0DCCF5A79D}"
EndProject
Project("{2150E333-8FDC-42A3-9474-1A3956D46DE8}") = "SpaceBE.WAR", "SpaceBE.WAR", "{717BA0B1-8BA5-4617-803A-EE16075D57F9}"
EndProject
Project("{2150E333-8FDC-42A3-9474-1A3956D46DE8}") = "SpaceBE.RBG", "SpaceBE.RBG", "{DC74A65F-A7B3-4F01-AC1E-5A147E749410}"
EndProject
Project("{9A19103F-16F7-4668-BE54-9A1E7A4F7556}") = "PDS.SpaceBE.RBG.PADS.Module.Tests", "test\PDS.SpaceBE.RBG.PADS.Module.Tests\PDS.SpaceBE.RBG.PADS.Module.Tests.csproj", "{D88180F9-2363-4248-8328-B624090DFC25}"
EndProject
Project("{2150E333-8FDC-42A3-9474-1A3956D46DE8}") = "SpaceBE.BAT", "SpaceBE.BAT", "{FBF1DFE9-7C1D-49B3-B782-31B7B0DCF211}"
EndProject
Project("{9A19103F-16F7-4668-BE54-9A1E7A4F7556}") = "PDS.SpaceBE.BAT.Common", "src\PDS.SpaceBE.BAT.Common\PDS.SpaceBE.BAT.Common.csproj", "{FC933AFD-D393-4321-B593-9C657D6340FB}"
EndProject
Project("{9A19103F-16F7-4668-BE54-9A1E7A4F7556}") = "PDS.SpaceBE.BAT.PADS.App", "src\PDS.SpaceBE.BAT.PADS.App\PDS.SpaceBE.BAT.PADS.App.csproj", "{430CCAFC-6587-4539-80D9-0263CA743F2C}"
EndProject
Project("{9A19103F-16F7-4668-BE54-9A1E7A4F7556}") = "PDS.SpaceBE.BAT.PADS.Module", "src\PDS.SpaceBE.BAT.PADS.Module\PDS.SpaceBE.BAT.PADS.Module.csproj", "{54D0413D-99A6-4DE8-BBB5-838D41D57748}"
EndProject
Project("{9A19103F-16F7-4668-BE54-9A1E7A4F7556}") = "PDS.SpaceBE.BAT.Source.App", "src\PDS.SpaceBE.BAT.Source.App\PDS.SpaceBE.BAT.Source.App.csproj", "{7AB2F5F4-8694-4E01-ABB5-7ECFC5F6A14B}"
EndProject
Project("{9A19103F-16F7-4668-BE54-9A1E7A4F7556}") = "PDS.SpaceBE.BAT.Source.Module", "src\PDS.SpaceBE.BAT.Source.Module\PDS.SpaceBE.BAT.Source.Module.csproj", "{5AC02973-B0F5-4281-989F-068E48F4F9A8}"
EndProject
Project("{9A19103F-16F7-4668-BE54-9A1E7A4F7556}") = "PDS.SpaceBE.WAR.Common", "src\PDS.SpaceBE.WAR.Common\PDS.SpaceBE.WAR.Common.csproj", "{D74C0305-1152-42BE-AAFF-BB5B56E57142}"
EndProject
Project("{9A19103F-16F7-4668-BE54-9A1E7A4F7556}") = "PDS.SpaceBE.WAR.PADS.App", "src\PDS.SpaceBE.WAR.PADS.App\PDS.SpaceBE.WAR.PADS.App.csproj", "{FBCBFA3F-0D6B-40EF-934C-3C324FC031D2}"
EndProject
Project("{9A19103F-16F7-4668-BE54-9A1E7A4F7556}") = "PDS.SpaceBE.WAR.PADS.Module", "src\PDS.SpaceBE.WAR.PADS.Module\PDS.SpaceBE.WAR.PADS.Module.csproj", "{9A60869F-455C-460C-AC6E-A5DAD30B6C9D}"
EndProject
Project("{9A19103F-16F7-4668-BE54-9A1E7A4F7556}") = "PDS.SpaceBE.WAR.Source.App", "src\PDS.SpaceBE.WAR.Source.App\PDS.SpaceBE.WAR.Source.App.csproj", "{B098766F-69A5-4AB9-AA74-92E272AB33A2}"
EndProject
Project("{9A19103F-16F7-4668-BE54-9A1E7A4F7556}") = "PDS.SpaceBE.WAR.Source.Module", "src\PDS.SpaceBE.WAR.Source.Module\PDS.SpaceBE.WAR.Source.Module.csproj", "{C457C6A5-83AF-43CA-8068-43AA62EE7083}"
EndProject
Project("{9A19103F-16F7-4668-BE54-9A1E7A4F7556}") = "PDS.SpaceBE.RBG.Source.Module.Tests", "test\PDS.SpaceBE.RBG.Source.Module.Tests\PDS.SpaceBE.RBG.Source.Module.Tests.csproj", "{B78302FA-CCF7-4D0B-8177-6DB2C1C09BB8}"
EndProject
Project("{2150E333-8FDC-42A3-9474-1A3956D46DE8}") = "SpaceBE.WAR", "SpaceBE.WAR", "{A5DACEED-D031-48D9-A177-B66731E5146B}"
EndProject
Project("{9A19103F-16F7-4668-BE54-9A1E7A4F7556}") = "PDS.SpaceBE.WAR.PADS.Module.Tests", "test\PDS.SpaceBE.WAR.PADS.Module.Tests\PDS.SpaceBE.WAR.PADS.Module.Tests.csproj", "{3D63531B-025F-4ECB-891F-1C639D48802C}"
EndProject
Project("{9A19103F-16F7-4668-BE54-9A1E7A4F7556}") = "PDS.SpaceBE.WAR.Source.Module.Tests", "test\PDS.SpaceBE.WAR.Source.Module.Tests\PDS.SpaceBE.WAR.Source.Module.Tests.csproj", "{EE355F2F-8604-4DF1-9466-33D21C88A994}"
EndProject
Project("{2150E333-8FDC-42A3-9474-1A3956D46DE8}") = "Solution Items", "Solution Items", "{B750B7D1-5998-4FA8-9116-F46153DBC40A}"
	ProjectSection(SolutionItems) = preProject
		.editorconfig = .editorconfig
		azure-pipelines.yml = azure-pipelines.yml
		build.cake = build.cake
		Directory.Build.props = Directory.Build.props
		README.md = README.md
		releasenotes.md = releasenotes.md
	EndProjectSection
EndProject
Project("{2150E333-8FDC-42A3-9474-1A3956D46DE8}") = "SpaceBE.BAT", "SpaceBE.BAT", "{D0E4EEA6-B8B1-4F95-80D7-465C72CB04CE}"
EndProject
Project("{9A19103F-16F7-4668-BE54-9A1E7A4F7556}") = "PDS.SpaceBE.BAT.PADS.Module.Tests", "test\PDS.SpaceBE.BAT.PADS.Module.Tests\PDS.SpaceBE.BAT.PADS.Module.Tests.csproj", "{2589F1CA-67A3-4588-997F-6DE326ECF08D}"
EndProject
Project("{9A19103F-16F7-4668-BE54-9A1E7A4F7556}") = "PDS.SpaceBE.BAT.Source.Module.Tests", "test\PDS.SpaceBE.BAT.Source.Module.Tests\PDS.SpaceBE.BAT.Source.Module.Tests.csproj", "{308CC01A-6CB8-4E1D-819A-ED741CA68F49}"
EndProject
Project("{2150E333-8FDC-42A3-9474-1A3956D46DE8}") = "Sources", "Sources", "{998FBB26-8A4D-4EB8-83DF-69254A03810C}"
EndProject
Project("{2150E333-8FDC-42A3-9474-1A3956D46DE8}") = "SpaceBE.CEG", "SpaceBE.CEG", "{1203502D-A5A2-44E8-8AFC-700C9211C5C6}"
EndProject
Project("{9A19103F-16F7-4668-BE54-9A1E7A4F7556}") = "PDS.SpaceBE.CEG.Common", "src\PDS.SpaceBE.CEG.Common\PDS.SpaceBE.CEG.Common.csproj", "{A12B636B-5632-4459-9588-8EEB2C3EF536}"
EndProject
Project("{9A19103F-16F7-4668-BE54-9A1E7A4F7556}") = "PDS.SpaceBE.CEG.PADS.App", "src\PDS.SpaceBE.CEG.PADS.App\PDS.SpaceBE.CEG.PADS.App.csproj", "{927C73C0-864C-4F69-B120-1EFFDAA35DEC}"
EndProject
Project("{9A19103F-16F7-4668-BE54-9A1E7A4F7556}") = "PDS.SpaceBE.CEG.Source.App", "src\PDS.SpaceBE.CEG.Source.App\PDS.SpaceBE.CEG.Source.App.csproj", "{AEFED1CB-7A53-4DF0-910B-EB204855EF35}"
EndProject
Project("{9A19103F-16F7-4668-BE54-9A1E7A4F7556}") = "PDS.SpaceBE.CEG.Source.Module", "src\PDS.SpaceBE.CEG.Source.Module\PDS.SpaceBE.CEG.Source.Module.csproj", "{1BBE8EE9-1F9A-4581-B507-91AD1949F59C}"
EndProject
Project("{9A19103F-16F7-4668-BE54-9A1E7A4F7556}") = "PDS.SpaceBE.CEG.PADS.Module", "src\PDS.SpaceBE.CEG.PADS.Module\PDS.SpaceBE.CEG.PADS.Module.csproj", "{C62E23D7-8FBF-41B1-9DE5-E5708E87F1D0}"
EndProject
Project("{2150E333-8FDC-42A3-9474-1A3956D46DE8}") = "SpaceBE.CEG", "SpaceBE.CEG", "{A86CBF2A-EBD7-415C-A412-42B69872B7C2}"
EndProject
Project("{9A19103F-16F7-4668-BE54-9A1E7A4F7556}") = "PDS.SpaceBE.CEG.PADS.Module.Tests", "test\PDS.SpaceBE.CEG.PADS.Module.Tests\PDS.SpaceBE.CEG.PADS.Module.Tests.csproj", "{76AFAFDC-85E1-4BD4-A3FA-DEEB832AFE73}"
EndProject
Project("{9A19103F-16F7-4668-BE54-9A1E7A4F7556}") = "PDS.SpaceBE.CEG.Source.Module.Tests", "test\PDS.SpaceBE.CEG.Source.Module.Tests\PDS.SpaceBE.CEG.Source.Module.Tests.csproj", "{40174A91-22A6-454B-BEBF-8CDE82B88E37}"
EndProject
Project("{2150E333-8FDC-42A3-9474-1A3956D46DE8}") = "SpaceBE.TIJ", "SpaceBE.TIJ", "{EB91ADAB-4D5B-4759-BD2C-7CD58111879B}"
EndProject
Project("{9A19103F-16F7-4668-BE54-9A1E7A4F7556}") = "PDS.SpaceBE.TIJ.Common", "src\PDS.SpaceBE.TIJ.Common\PDS.SpaceBE.TIJ.Common.csproj", "{E38D0586-E017-495C-8E20-D44154B3FE45}"
EndProject
Project("{9A19103F-16F7-4668-BE54-9A1E7A4F7556}") = "PDS.SpaceBE.TIJ.PADS.App", "src\PDS.SpaceBE.TIJ.PADS.App\PDS.SpaceBE.TIJ.PADS.App.csproj", "{68185C8B-7623-4278-A4EA-0358DA5A730E}"
EndProject
Project("{9A19103F-16F7-4668-BE54-9A1E7A4F7556}") = "PDS.SpaceBE.TIJ.PADS.Module", "src\PDS.SpaceBE.TIJ.PADS.Module\PDS.SpaceBE.TIJ.PADS.Module.csproj", "{366AD697-4A67-4D5A-BCFF-93F8A4701006}"
EndProject
Project("{9A19103F-16F7-4668-BE54-9A1E7A4F7556}") = "PDS.SpaceBE.TIJ.Source.App", "src\PDS.SpaceBE.TIJ.Source.App\PDS.SpaceBE.TIJ.Source.App.csproj", "{A63A04F2-9237-4095-A5A0-BC6C1885C824}"
EndProject
Project("{9A19103F-16F7-4668-BE54-9A1E7A4F7556}") = "PDS.SpaceBE.TIJ.Source.Module", "src\PDS.SpaceBE.TIJ.Source.Module\PDS.SpaceBE.TIJ.Source.Module.csproj", "{1502076A-5795-48EC-9BDD-8D20D841B005}"
EndProject
Project("{2150E333-8FDC-42A3-9474-1A3956D46DE8}") = "SpaceBE.TIJ", "SpaceBE.TIJ", "{CBCCD918-3522-4C83-A14E-8905CB59F5D9}"
EndProject
Project("{9A19103F-16F7-4668-BE54-9A1E7A4F7556}") = "PDS.SpaceBE.TIJ.PADS.Module.Tests", "test\PDS.SpaceBE.TIJ.PADS.Module.Tests\PDS.SpaceBE.TIJ.PADS.Module.Tests.csproj", "{6381EFE4-8B84-4324-82AF-563E92DEA37D}"
EndProject
Project("{9A19103F-16F7-4668-BE54-9A1E7A4F7556}") = "PDS.SpaceBE.TIJ.Source.Module.Tests", "test\PDS.SpaceBE.TIJ.Source.Module.Tests\PDS.SpaceBE.TIJ.Source.Module.Tests.csproj", "{029DB5C6-1738-400C-B6B6-21EEC9E1D6DA}"
EndProject
Project("{2150E333-8FDC-42A3-9474-1A3956D46DE8}") = "SpaceBE.MKZ", "SpaceBE.MKZ", "{12A343FD-B83F-4CB7-BDFE-2EC900DAB45D}"
EndProject
Project("{9A19103F-16F7-4668-BE54-9A1E7A4F7556}") = "PDS.SpaceBE.MKZ.Common", "src\PDS.SpaceBE.MKZ.Common\PDS.SpaceBE.MKZ.Common.csproj", "{50F10C33-C82B-42EB-93BD-48395D371D4E}"
EndProject
Project("{9A19103F-16F7-4668-BE54-9A1E7A4F7556}") = "PDS.SpaceBE.MKZ.PADS.App", "src\PDS.SpaceBE.MKZ.PADS.App\PDS.SpaceBE.MKZ.PADS.App.csproj", "{B09A98DB-EC55-465D-9B55-7B479F7DF213}"
EndProject
Project("{9A19103F-16F7-4668-BE54-9A1E7A4F7556}") = "PDS.SpaceBE.MKZ.PADS.Module", "src\PDS.SpaceBE.MKZ.PADS.Module\PDS.SpaceBE.MKZ.PADS.Module.csproj", "{5F687CBE-C97A-40CB-8733-DB7125239531}"
EndProject
Project("{9A19103F-16F7-4668-BE54-9A1E7A4F7556}") = "PDS.SpaceBE.MKZ.Source.App", "src\PDS.SpaceBE.MKZ.Source.App\PDS.SpaceBE.MKZ.Source.App.csproj", "{F65C06A3-15D7-40ED-8217-A45D3A863E33}"
EndProject
Project("{2150E333-8FDC-42A3-9474-1A3956D46DE8}") = "SpaceBE.MKZ", "SpaceBE.MKZ", "{7C1A3DCF-752D-47B6-8C7A-2C39DF77E405}"
EndProject
Project("{9A19103F-16F7-4668-BE54-9A1E7A4F7556}") = "PDS.SpaceBE.MKZ.Source.Module.Tests", "test\PDS.SpaceBE.MKZ.Source.Module.Tests\PDS.SpaceBE.MKZ.Source.Module.Tests.csproj", "{42DF9623-D0BB-4EC8-AC03-D8DF491E23DA}"
EndProject
Project("{9A19103F-16F7-4668-BE54-9A1E7A4F7556}") = "PDS.SpaceBE.MKZ.PADS.Module.Tests", "test\PDS.SpaceBE.MKZ.PADS.Module.Tests\PDS.SpaceBE.MKZ.PADS.Module.Tests.csproj", "{A8B02160-D587-4FE4-9CAE-4C8A33633686}"
EndProject
Project("{9A19103F-16F7-4668-BE54-9A1E7A4F7556}") = "PDS.SpaceBE.MKZ.Source.Module", "src\PDS.SpaceBE.MKZ.Source.Module\PDS.SpaceBE.MKZ.Source.Module.csproj", "{0210DEC7-C7FA-441A-87C7-4C48286C1926}"
EndProject
Project("{9A19103F-16F7-4668-BE54-9A1E7A4F7556}") = "PDS.SpaceBE.Common.Source.Module.Tests", "test\PDS.SpaceBE.Common.Source.Module.Tests\PDS.SpaceBE.Common.Source.Module.Tests.csproj", "{FC2C9A84-7B47-42C1-8099-733377A9FBDC}"
EndProject
Project("{9A19103F-16F7-4668-BE54-9A1E7A4F7556}") = "PDS.SpaceBE.Common.PADS.Module.Tests", "test\PDS.SpaceBE.Common.PADS.Module.Tests\PDS.SpaceBE.Common.PADS.Module.Tests.csproj", "{AD7ABB25-82E9-48A4-A862-009FAED67031}"
EndProject
Project("{9A19103F-16F7-4668-BE54-9A1E7A4F7556}") = "PDS.SpaceBE.Common.Tests.Updater", "test\PDS.SpaceBE.Common.Tests.Updater\PDS.SpaceBE.Common.Tests.Updater.csproj", "{982C0F28-3F3F-4C6F-89C9-549C6841E1E0}"
EndProject
Project("{2150E333-8FDC-42A3-9474-1A3956D46DE8}") = "SpaceBE.CJJ", "SpaceBE.CJJ", "{541ADB54-A004-454C-92C3-BA42F6128417}"
EndProject
Project("{9A19103F-16F7-4668-BE54-9A1E7A4F7556}") = "PDS.SpaceBE.CJJ.Common", "src\PDS.SpaceBE.CJJ.Common\PDS.SpaceBE.CJJ.Common.csproj", "{0669BEEF-FB04-423A-A283-86CF19A2328B}"
EndProject
Project("{9A19103F-16F7-4668-BE54-9A1E7A4F7556}") = "PDS.SpaceBE.CJJ.PADS.App", "src\PDS.SpaceBE.CJJ.PADS.App\PDS.SpaceBE.CJJ.PADS.App.csproj", "{4040C7D5-4286-49B6-A466-46591674CDD1}"
EndProject
Project("{9A19103F-16F7-4668-BE54-9A1E7A4F7556}") = "PDS.SpaceBE.CJJ.PADS.Module", "src\PDS.SpaceBE.CJJ.PADS.Module\PDS.SpaceBE.CJJ.PADS.Module.csproj", "{F9CC23EA-7128-4473-92EE-DA7FCE4F49EA}"
EndProject
Project("{9A19103F-16F7-4668-BE54-9A1E7A4F7556}") = "PDS.SpaceBE.CJJ.Source.App", "src\PDS.SpaceBE.CJJ.Source.App\PDS.SpaceBE.CJJ.Source.App.csproj", "{55DA34EA-4ADF-47D5-BC2B-77F39006EF73}"
EndProject
Project("{9A19103F-16F7-4668-BE54-9A1E7A4F7556}") = "PDS.SpaceBE.CJJ.Source.Module", "src\PDS.SpaceBE.CJJ.Source.Module\PDS.SpaceBE.CJJ.Source.Module.csproj", "{8B79F63F-2F71-4AE5-9EEE-F8826431D258}"
EndProject
Project("{2150E333-8FDC-42A3-9474-1A3956D46DE8}") = "SpaceBE.CJJ", "SpaceBE.CJJ", "{1A6A500B-AAAC-47D5-98EF-D396A92C0F47}"
EndProject
Project("{9A19103F-16F7-4668-BE54-9A1E7A4F7556}") = "PDS.SpaceBE.CJJ.PADS.Module.Tests", "test\PDS.SpaceBE.CJJ.PADS.Module.Tests\PDS.SpaceBE.CJJ.PADS.Module.Tests.csproj", "{FCEC50E9-71D0-44C5-96D4-3E507652BB3F}"
EndProject
Project("{9A19103F-16F7-4668-BE54-9A1E7A4F7556}") = "PDS.SpaceBE.CJJ.Source.Module.Tests", "test\PDS.SpaceBE.CJJ.Source.Module.Tests\PDS.SpaceBE.CJJ.Source.Module.Tests.csproj", "{707E9B42-C73A-4A11-BD1B-9AA5E7D6DE91}"
EndProject
Project("{2150E333-8FDC-42A3-9474-1A3956D46DE8}") = "SpaceBE.WUX", "SpaceBE.WUX", "{B9974023-8037-449F-B88D-B391560A33C4}"
EndProject
Project("{9A19103F-16F7-4668-BE54-9A1E7A4F7556}") = "PDS.SpaceBE.WUX.Common", "src\PDS.SpaceBE.WUX.Common\PDS.SpaceBE.WUX.Common.csproj", "{6B10B0E6-3B30-4016-A23D-1DD56AF5790B}"
EndProject
Project("{9A19103F-16F7-4668-BE54-9A1E7A4F7556}") = "PDS.SpaceBE.WUX.PADS.App", "src\PDS.SpaceBE.WUX.PADS.App\PDS.SpaceBE.WUX.PADS.App.csproj", "{66B1DFD3-AE9C-4B1D-89F9-99F648A3EBCC}"
EndProject
Project("{9A19103F-16F7-4668-BE54-9A1E7A4F7556}") = "PDS.SpaceBE.WUX.PADS.Module", "src\PDS.SpaceBE.WUX.PADS.Module\PDS.SpaceBE.WUX.PADS.Module.csproj", "{2BC393D4-C2D7-43F9-981D-F7E17797FAFD}"
EndProject
Project("{9A19103F-16F7-4668-BE54-9A1E7A4F7556}") = "PDS.SpaceBE.WUX.Source.App", "src\PDS.SpaceBE.WUX.Source.App\PDS.SpaceBE.WUX.Source.App.csproj", "{9535A17C-C798-4868-B57D-AFD2185D73FB}"
EndProject
Project("{9A19103F-16F7-4668-BE54-9A1E7A4F7556}") = "PDS.SpaceBE.WUX.Source.Module", "src\PDS.SpaceBE.WUX.Source.Module\PDS.SpaceBE.WUX.Source.Module.csproj", "{1C924E9F-40B7-48D8-937B-DA74E54AFF77}"
EndProject
Project("{2150E333-8FDC-42A3-9474-1A3956D46DE8}") = "SpaceBE.WUX", "SpaceBE.WUX", "{22F77F80-72D1-4A03-B7EF-D561746C49EB}"
EndProject
Project("{9A19103F-16F7-4668-BE54-9A1E7A4F7556}") = "PDS.SpaceBE.WUX.Source.Module.Tests", "test\PDS.SpaceBE.WUX.Source.Module.Tests\PDS.SpaceBE.WUX.Source.Module.Tests.csproj", "{4C3E69E3-F990-45BE-B244-3673D55882A9}"
EndProject
Project("{9A19103F-16F7-4668-BE54-9A1E7A4F7556}") = "PDS.SpaceBE.WUX.PADS.Module.Tests", "test\PDS.SpaceBE.WUX.PADS.Module.Tests\PDS.SpaceBE.WUX.PADS.Module.Tests.csproj", "{ED48F0DD-8A21-4CB4-BF6B-C37FB965CB6E}"
EndProject
Project("{9A19103F-16F7-4668-BE54-9A1E7A4F7556}") = "PDS.SpaceFE.RBG.Source.Module.Tests", "test\PDS.SpaceFE.RBG.Source.Module.Tests\PDS.SpaceFE.RBG.Source.Module.Tests.csproj", "{F481C182-878D-4A87-9C08-CADDE136490D}"
EndProject
Project("{2150E333-8FDC-42A3-9474-1A3956D46DE8}") = "SpaceNew", "SpaceNew", "{1BE754D9-C8EF-448A-ACEE-BA143700058D}"
EndProject
Project("{9A19103F-16F7-4668-BE54-9A1E7A4F7556}") = "PDS.SpaceNew.Common", "src\PDS.SpaceNew.Common\PDS.SpaceNew.Common.csproj", "{890852BD-CE90-4F76-9479-E2854943E274}"
EndProject
Project("{9A19103F-16F7-4668-BE54-9A1E7A4F7556}") = "PDS.SpaceNew.PADS.App", "src\PDS.SpaceNew.PADS.App\PDS.SpaceNew.PADS.App.csproj", "{A55378D5-C6C0-412A-BA56-E9976BC5E98A}"
EndProject
Project("{9A19103F-16F7-4668-BE54-9A1E7A4F7556}") = "PDS.SpaceNew.PADS.Module", "src\PDS.SpaceNew.PADS.Module\PDS.SpaceNew.PADS.Module.csproj", "{5FC13EDC-1C6D-427E-AE63-D0CC0C65C465}"
EndProject
Project("{9A19103F-16F7-4668-BE54-9A1E7A4F7556}") = "PDS.SpaceNew.Source.App", "src\PDS.SpaceNew.Source.App\PDS.SpaceNew.Source.App.csproj", "{F3FCAF37-0006-4A66-88DF-4DE92F3BBFC6}"
EndProject
Project("{9A19103F-16F7-4668-BE54-9A1E7A4F7556}") = "PDS.SpaceNew.Source.Module", "src\PDS.SpaceNew.Source.Module\PDS.SpaceNew.Source.Module.csproj", "{C754D74A-EEC8-41A9-822F-FE513EC877A3}"
EndProject
Global
	GlobalSection(SolutionConfigurationPlatforms) = preSolution
		Debug|Any CPU = Debug|Any CPU
		Release|Any CPU = Release|Any CPU
	EndGlobalSection
	GlobalSection(ProjectConfigurationPlatforms) = postSolution
		{4432D07B-6FB1-4089-A921-3831E3E8212A}.Debug|Any CPU.ActiveCfg = Debug|Any CPU
		{4432D07B-6FB1-4089-A921-3831E3E8212A}.Debug|Any CPU.Build.0 = Debug|Any CPU
		{4432D07B-6FB1-4089-A921-3831E3E8212A}.Release|Any CPU.ActiveCfg = Release|Any CPU
		{4432D07B-6FB1-4089-A921-3831E3E8212A}.Release|Any CPU.Build.0 = Release|Any CPU
		{9D76F400-FF5A-424E-9CFE-3E4B00DDB64E}.Debug|Any CPU.ActiveCfg = Debug|Any CPU
		{9D76F400-FF5A-424E-9CFE-3E4B00DDB64E}.Debug|Any CPU.Build.0 = Debug|Any CPU
		{9D76F400-FF5A-424E-9CFE-3E4B00DDB64E}.Release|Any CPU.ActiveCfg = Release|Any CPU
		{9D76F400-FF5A-424E-9CFE-3E4B00DDB64E}.Release|Any CPU.Build.0 = Release|Any CPU
		{F02F80E5-DA46-4E19-8A18-1D58CDDCFF1C}.Debug|Any CPU.ActiveCfg = Debug|Any CPU
		{F02F80E5-DA46-4E19-8A18-1D58CDDCFF1C}.Debug|Any CPU.Build.0 = Debug|Any CPU
		{F02F80E5-DA46-4E19-8A18-1D58CDDCFF1C}.Release|Any CPU.ActiveCfg = Release|Any CPU
		{F02F80E5-DA46-4E19-8A18-1D58CDDCFF1C}.Release|Any CPU.Build.0 = Release|Any CPU
		{20C9D1E8-1AFD-47A0-82A9-DFE6D084CEA2}.Debug|Any CPU.ActiveCfg = Debug|Any CPU
		{20C9D1E8-1AFD-47A0-82A9-DFE6D084CEA2}.Debug|Any CPU.Build.0 = Debug|Any CPU
		{20C9D1E8-1AFD-47A0-82A9-DFE6D084CEA2}.Release|Any CPU.ActiveCfg = Release|Any CPU
		{20C9D1E8-1AFD-47A0-82A9-DFE6D084CEA2}.Release|Any CPU.Build.0 = Release|Any CPU
		{F774DFDE-BE8D-42A5-9342-7CDCEF31BACA}.Debug|Any CPU.ActiveCfg = Debug|Any CPU
		{F774DFDE-BE8D-42A5-9342-7CDCEF31BACA}.Debug|Any CPU.Build.0 = Debug|Any CPU
		{F774DFDE-BE8D-42A5-9342-7CDCEF31BACA}.Release|Any CPU.ActiveCfg = Release|Any CPU
		{F774DFDE-BE8D-42A5-9342-7CDCEF31BACA}.Release|Any CPU.Build.0 = Release|Any CPU
		{27BB05E7-4F1C-496E-91E1-272C379692C7}.Debug|Any CPU.ActiveCfg = Debug|Any CPU
		{27BB05E7-4F1C-496E-91E1-272C379692C7}.Debug|Any CPU.Build.0 = Debug|Any CPU
		{27BB05E7-4F1C-496E-91E1-272C379692C7}.Release|Any CPU.ActiveCfg = Release|Any CPU
		{27BB05E7-4F1C-496E-91E1-272C379692C7}.Release|Any CPU.Build.0 = Release|Any CPU
		{32CED335-7D2A-49C7-9D10-986176EAB9F6}.Debug|Any CPU.ActiveCfg = Debug|Any CPU
		{32CED335-7D2A-49C7-9D10-986176EAB9F6}.Debug|Any CPU.Build.0 = Debug|Any CPU
		{32CED335-7D2A-49C7-9D10-986176EAB9F6}.Release|Any CPU.ActiveCfg = Release|Any CPU
		{32CED335-7D2A-49C7-9D10-986176EAB9F6}.Release|Any CPU.Build.0 = Release|Any CPU
		{C3D6AC3F-BA7C-4976-AC76-E968DE5B1E75}.Debug|Any CPU.ActiveCfg = Debug|Any CPU
		{C3D6AC3F-BA7C-4976-AC76-E968DE5B1E75}.Debug|Any CPU.Build.0 = Debug|Any CPU
		{C3D6AC3F-BA7C-4976-AC76-E968DE5B1E75}.Release|Any CPU.ActiveCfg = Release|Any CPU
		{C3D6AC3F-BA7C-4976-AC76-E968DE5B1E75}.Release|Any CPU.Build.0 = Release|Any CPU
		{B14935A4-93F9-47BE-B617-780CDA6672D3}.Debug|Any CPU.ActiveCfg = Debug|Any CPU
		{B14935A4-93F9-47BE-B617-780CDA6672D3}.Debug|Any CPU.Build.0 = Debug|Any CPU
		{B14935A4-93F9-47BE-B617-780CDA6672D3}.Release|Any CPU.ActiveCfg = Release|Any CPU
		{B14935A4-93F9-47BE-B617-780CDA6672D3}.Release|Any CPU.Build.0 = Release|Any CPU
		{D8DF4818-7640-4A19-B8B9-B6F1FDC63088}.Debug|Any CPU.ActiveCfg = Debug|Any CPU
		{D8DF4818-7640-4A19-B8B9-B6F1FDC63088}.Debug|Any CPU.Build.0 = Debug|Any CPU
		{D8DF4818-7640-4A19-B8B9-B6F1FDC63088}.Release|Any CPU.ActiveCfg = Release|Any CPU
		{D8DF4818-7640-4A19-B8B9-B6F1FDC63088}.Release|Any CPU.Build.0 = Release|Any CPU
		{E4CE7EA6-2832-4A96-88BB-B3C83DC1B2D5}.Debug|Any CPU.ActiveCfg = Debug|Any CPU
		{E4CE7EA6-2832-4A96-88BB-B3C83DC1B2D5}.Debug|Any CPU.Build.0 = Debug|Any CPU
		{E4CE7EA6-2832-4A96-88BB-B3C83DC1B2D5}.Release|Any CPU.ActiveCfg = Release|Any CPU
		{E4CE7EA6-2832-4A96-88BB-B3C83DC1B2D5}.Release|Any CPU.Build.0 = Release|Any CPU
		{1FA37003-287D-4DA8-8659-9D0DCCF5A79D}.Debug|Any CPU.ActiveCfg = Debug|Any CPU
		{1FA37003-287D-4DA8-8659-9D0DCCF5A79D}.Debug|Any CPU.Build.0 = Debug|Any CPU
		{1FA37003-287D-4DA8-8659-9D0DCCF5A79D}.Release|Any CPU.ActiveCfg = Release|Any CPU
		{1FA37003-287D-4DA8-8659-9D0DCCF5A79D}.Release|Any CPU.Build.0 = Release|Any CPU
		{D88180F9-2363-4248-8328-B624090DFC25}.Debug|Any CPU.ActiveCfg = Debug|Any CPU
		{D88180F9-2363-4248-8328-B624090DFC25}.Debug|Any CPU.Build.0 = Debug|Any CPU
		{D88180F9-2363-4248-8328-B624090DFC25}.Release|Any CPU.ActiveCfg = Release|Any CPU
		{D88180F9-2363-4248-8328-B624090DFC25}.Release|Any CPU.Build.0 = Release|Any CPU
		{FC933AFD-D393-4321-B593-9C657D6340FB}.Debug|Any CPU.ActiveCfg = Debug|Any CPU
		{FC933AFD-D393-4321-B593-9C657D6340FB}.Debug|Any CPU.Build.0 = Debug|Any CPU
		{FC933AFD-D393-4321-B593-9C657D6340FB}.Release|Any CPU.ActiveCfg = Release|Any CPU
		{FC933AFD-D393-4321-B593-9C657D6340FB}.Release|Any CPU.Build.0 = Release|Any CPU
		{430CCAFC-6587-4539-80D9-0263CA743F2C}.Debug|Any CPU.ActiveCfg = Debug|Any CPU
		{430CCAFC-6587-4539-80D9-0263CA743F2C}.Debug|Any CPU.Build.0 = Debug|Any CPU
		{430CCAFC-6587-4539-80D9-0263CA743F2C}.Release|Any CPU.ActiveCfg = Release|Any CPU
		{430CCAFC-6587-4539-80D9-0263CA743F2C}.Release|Any CPU.Build.0 = Release|Any CPU
		{54D0413D-99A6-4DE8-BBB5-838D41D57748}.Debug|Any CPU.ActiveCfg = Debug|Any CPU
		{54D0413D-99A6-4DE8-BBB5-838D41D57748}.Debug|Any CPU.Build.0 = Debug|Any CPU
		{54D0413D-99A6-4DE8-BBB5-838D41D57748}.Release|Any CPU.ActiveCfg = Release|Any CPU
		{54D0413D-99A6-4DE8-BBB5-838D41D57748}.Release|Any CPU.Build.0 = Release|Any CPU
		{7AB2F5F4-8694-4E01-ABB5-7ECFC5F6A14B}.Debug|Any CPU.ActiveCfg = Debug|Any CPU
		{7AB2F5F4-8694-4E01-ABB5-7ECFC5F6A14B}.Debug|Any CPU.Build.0 = Debug|Any CPU
		{7AB2F5F4-8694-4E01-ABB5-7ECFC5F6A14B}.Release|Any CPU.ActiveCfg = Release|Any CPU
		{7AB2F5F4-8694-4E01-ABB5-7ECFC5F6A14B}.Release|Any CPU.Build.0 = Release|Any CPU
		{5AC02973-B0F5-4281-989F-068E48F4F9A8}.Debug|Any CPU.ActiveCfg = Debug|Any CPU
		{5AC02973-B0F5-4281-989F-068E48F4F9A8}.Debug|Any CPU.Build.0 = Debug|Any CPU
		{5AC02973-B0F5-4281-989F-068E48F4F9A8}.Release|Any CPU.ActiveCfg = Release|Any CPU
		{5AC02973-B0F5-4281-989F-068E48F4F9A8}.Release|Any CPU.Build.0 = Release|Any CPU
		{D74C0305-1152-42BE-AAFF-BB5B56E57142}.Debug|Any CPU.ActiveCfg = Debug|Any CPU
		{D74C0305-1152-42BE-AAFF-BB5B56E57142}.Debug|Any CPU.Build.0 = Debug|Any CPU
		{D74C0305-1152-42BE-AAFF-BB5B56E57142}.Release|Any CPU.ActiveCfg = Release|Any CPU
		{D74C0305-1152-42BE-AAFF-BB5B56E57142}.Release|Any CPU.Build.0 = Release|Any CPU
		{FBCBFA3F-0D6B-40EF-934C-3C324FC031D2}.Debug|Any CPU.ActiveCfg = Debug|Any CPU
		{FBCBFA3F-0D6B-40EF-934C-3C324FC031D2}.Debug|Any CPU.Build.0 = Debug|Any CPU
		{FBCBFA3F-0D6B-40EF-934C-3C324FC031D2}.Release|Any CPU.ActiveCfg = Release|Any CPU
		{FBCBFA3F-0D6B-40EF-934C-3C324FC031D2}.Release|Any CPU.Build.0 = Release|Any CPU
		{9A60869F-455C-460C-AC6E-A5DAD30B6C9D}.Debug|Any CPU.ActiveCfg = Debug|Any CPU
		{9A60869F-455C-460C-AC6E-A5DAD30B6C9D}.Debug|Any CPU.Build.0 = Debug|Any CPU
		{9A60869F-455C-460C-AC6E-A5DAD30B6C9D}.Release|Any CPU.ActiveCfg = Release|Any CPU
		{9A60869F-455C-460C-AC6E-A5DAD30B6C9D}.Release|Any CPU.Build.0 = Release|Any CPU
		{B098766F-69A5-4AB9-AA74-92E272AB33A2}.Debug|Any CPU.ActiveCfg = Debug|Any CPU
		{B098766F-69A5-4AB9-AA74-92E272AB33A2}.Debug|Any CPU.Build.0 = Debug|Any CPU
		{B098766F-69A5-4AB9-AA74-92E272AB33A2}.Release|Any CPU.ActiveCfg = Release|Any CPU
		{B098766F-69A5-4AB9-AA74-92E272AB33A2}.Release|Any CPU.Build.0 = Release|Any CPU
		{C457C6A5-83AF-43CA-8068-43AA62EE7083}.Debug|Any CPU.ActiveCfg = Debug|Any CPU
		{C457C6A5-83AF-43CA-8068-43AA62EE7083}.Debug|Any CPU.Build.0 = Debug|Any CPU
		{C457C6A5-83AF-43CA-8068-43AA62EE7083}.Release|Any CPU.ActiveCfg = Release|Any CPU
		{C457C6A5-83AF-43CA-8068-43AA62EE7083}.Release|Any CPU.Build.0 = Release|Any CPU
		{B78302FA-CCF7-4D0B-8177-6DB2C1C09BB8}.Debug|Any CPU.ActiveCfg = Debug|Any CPU
		{B78302FA-CCF7-4D0B-8177-6DB2C1C09BB8}.Debug|Any CPU.Build.0 = Debug|Any CPU
		{B78302FA-CCF7-4D0B-8177-6DB2C1C09BB8}.Release|Any CPU.ActiveCfg = Release|Any CPU
		{B78302FA-CCF7-4D0B-8177-6DB2C1C09BB8}.Release|Any CPU.Build.0 = Release|Any CPU
		{3D63531B-025F-4ECB-891F-1C639D48802C}.Debug|Any CPU.ActiveCfg = Debug|Any CPU
		{3D63531B-025F-4ECB-891F-1C639D48802C}.Debug|Any CPU.Build.0 = Debug|Any CPU
		{3D63531B-025F-4ECB-891F-1C639D48802C}.Release|Any CPU.ActiveCfg = Release|Any CPU
		{3D63531B-025F-4ECB-891F-1C639D48802C}.Release|Any CPU.Build.0 = Release|Any CPU
		{EE355F2F-8604-4DF1-9466-33D21C88A994}.Debug|Any CPU.ActiveCfg = Debug|Any CPU
		{EE355F2F-8604-4DF1-9466-33D21C88A994}.Debug|Any CPU.Build.0 = Debug|Any CPU
		{EE355F2F-8604-4DF1-9466-33D21C88A994}.Release|Any CPU.ActiveCfg = Release|Any CPU
		{EE355F2F-8604-4DF1-9466-33D21C88A994}.Release|Any CPU.Build.0 = Release|Any CPU
		{2589F1CA-67A3-4588-997F-6DE326ECF08D}.Debug|Any CPU.ActiveCfg = Debug|Any CPU
		{2589F1CA-67A3-4588-997F-6DE326ECF08D}.Debug|Any CPU.Build.0 = Debug|Any CPU
		{2589F1CA-67A3-4588-997F-6DE326ECF08D}.Release|Any CPU.ActiveCfg = Release|Any CPU
		{2589F1CA-67A3-4588-997F-6DE326ECF08D}.Release|Any CPU.Build.0 = Release|Any CPU
		{308CC01A-6CB8-4E1D-819A-ED741CA68F49}.Debug|Any CPU.ActiveCfg = Debug|Any CPU
		{308CC01A-6CB8-4E1D-819A-ED741CA68F49}.Debug|Any CPU.Build.0 = Debug|Any CPU
		{308CC01A-6CB8-4E1D-819A-ED741CA68F49}.Release|Any CPU.ActiveCfg = Release|Any CPU
		{308CC01A-6CB8-4E1D-819A-ED741CA68F49}.Release|Any CPU.Build.0 = Release|Any CPU
		{A12B636B-5632-4459-9588-8EEB2C3EF536}.Debug|Any CPU.ActiveCfg = Debug|Any CPU
		{A12B636B-5632-4459-9588-8EEB2C3EF536}.Debug|Any CPU.Build.0 = Debug|Any CPU
		{A12B636B-5632-4459-9588-8EEB2C3EF536}.Release|Any CPU.ActiveCfg = Release|Any CPU
		{A12B636B-5632-4459-9588-8EEB2C3EF536}.Release|Any CPU.Build.0 = Release|Any CPU
		{927C73C0-864C-4F69-B120-1EFFDAA35DEC}.Debug|Any CPU.ActiveCfg = Debug|Any CPU
		{927C73C0-864C-4F69-B120-1EFFDAA35DEC}.Debug|Any CPU.Build.0 = Debug|Any CPU
		{927C73C0-864C-4F69-B120-1EFFDAA35DEC}.Release|Any CPU.ActiveCfg = Release|Any CPU
		{927C73C0-864C-4F69-B120-1EFFDAA35DEC}.Release|Any CPU.Build.0 = Release|Any CPU
		{AEFED1CB-7A53-4DF0-910B-EB204855EF35}.Debug|Any CPU.ActiveCfg = Debug|Any CPU
		{AEFED1CB-7A53-4DF0-910B-EB204855EF35}.Debug|Any CPU.Build.0 = Debug|Any CPU
		{AEFED1CB-7A53-4DF0-910B-EB204855EF35}.Release|Any CPU.ActiveCfg = Release|Any CPU
		{AEFED1CB-7A53-4DF0-910B-EB204855EF35}.Release|Any CPU.Build.0 = Release|Any CPU
		{1BBE8EE9-1F9A-4581-B507-91AD1949F59C}.Debug|Any CPU.ActiveCfg = Debug|Any CPU
		{1BBE8EE9-1F9A-4581-B507-91AD1949F59C}.Debug|Any CPU.Build.0 = Debug|Any CPU
		{1BBE8EE9-1F9A-4581-B507-91AD1949F59C}.Release|Any CPU.ActiveCfg = Release|Any CPU
		{1BBE8EE9-1F9A-4581-B507-91AD1949F59C}.Release|Any CPU.Build.0 = Release|Any CPU
		{C62E23D7-8FBF-41B1-9DE5-E5708E87F1D0}.Debug|Any CPU.ActiveCfg = Debug|Any CPU
		{C62E23D7-8FBF-41B1-9DE5-E5708E87F1D0}.Debug|Any CPU.Build.0 = Debug|Any CPU
		{C62E23D7-8FBF-41B1-9DE5-E5708E87F1D0}.Release|Any CPU.ActiveCfg = Release|Any CPU
		{C62E23D7-8FBF-41B1-9DE5-E5708E87F1D0}.Release|Any CPU.Build.0 = Release|Any CPU
		{76AFAFDC-85E1-4BD4-A3FA-DEEB832AFE73}.Debug|Any CPU.ActiveCfg = Debug|Any CPU
		{76AFAFDC-85E1-4BD4-A3FA-DEEB832AFE73}.Debug|Any CPU.Build.0 = Debug|Any CPU
		{76AFAFDC-85E1-4BD4-A3FA-DEEB832AFE73}.Release|Any CPU.ActiveCfg = Release|Any CPU
		{76AFAFDC-85E1-4BD4-A3FA-DEEB832AFE73}.Release|Any CPU.Build.0 = Release|Any CPU
		{40174A91-22A6-454B-BEBF-8CDE82B88E37}.Debug|Any CPU.ActiveCfg = Debug|Any CPU
		{40174A91-22A6-454B-BEBF-8CDE82B88E37}.Debug|Any CPU.Build.0 = Debug|Any CPU
		{40174A91-22A6-454B-BEBF-8CDE82B88E37}.Release|Any CPU.ActiveCfg = Release|Any CPU
		{40174A91-22A6-454B-BEBF-8CDE82B88E37}.Release|Any CPU.Build.0 = Release|Any CPU
		{E38D0586-E017-495C-8E20-D44154B3FE45}.Debug|Any CPU.ActiveCfg = Debug|Any CPU
		{E38D0586-E017-495C-8E20-D44154B3FE45}.Debug|Any CPU.Build.0 = Debug|Any CPU
		{E38D0586-E017-495C-8E20-D44154B3FE45}.Release|Any CPU.ActiveCfg = Release|Any CPU
		{E38D0586-E017-495C-8E20-D44154B3FE45}.Release|Any CPU.Build.0 = Release|Any CPU
		{68185C8B-7623-4278-A4EA-0358DA5A730E}.Debug|Any CPU.ActiveCfg = Debug|Any CPU
		{68185C8B-7623-4278-A4EA-0358DA5A730E}.Debug|Any CPU.Build.0 = Debug|Any CPU
		{68185C8B-7623-4278-A4EA-0358DA5A730E}.Release|Any CPU.ActiveCfg = Release|Any CPU
		{68185C8B-7623-4278-A4EA-0358DA5A730E}.Release|Any CPU.Build.0 = Release|Any CPU
		{366AD697-4A67-4D5A-BCFF-93F8A4701006}.Debug|Any CPU.ActiveCfg = Debug|Any CPU
		{366AD697-4A67-4D5A-BCFF-93F8A4701006}.Debug|Any CPU.Build.0 = Debug|Any CPU
		{366AD697-4A67-4D5A-BCFF-93F8A4701006}.Release|Any CPU.ActiveCfg = Release|Any CPU
		{366AD697-4A67-4D5A-BCFF-93F8A4701006}.Release|Any CPU.Build.0 = Release|Any CPU
		{A63A04F2-9237-4095-A5A0-BC6C1885C824}.Debug|Any CPU.ActiveCfg = Debug|Any CPU
		{A63A04F2-9237-4095-A5A0-BC6C1885C824}.Debug|Any CPU.Build.0 = Debug|Any CPU
		{A63A04F2-9237-4095-A5A0-BC6C1885C824}.Release|Any CPU.ActiveCfg = Release|Any CPU
		{A63A04F2-9237-4095-A5A0-BC6C1885C824}.Release|Any CPU.Build.0 = Release|Any CPU
		{1502076A-5795-48EC-9BDD-8D20D841B005}.Debug|Any CPU.ActiveCfg = Debug|Any CPU
		{1502076A-5795-48EC-9BDD-8D20D841B005}.Debug|Any CPU.Build.0 = Debug|Any CPU
		{1502076A-5795-48EC-9BDD-8D20D841B005}.Release|Any CPU.ActiveCfg = Release|Any CPU
		{1502076A-5795-48EC-9BDD-8D20D841B005}.Release|Any CPU.Build.0 = Release|Any CPU
		{6381EFE4-8B84-4324-82AF-563E92DEA37D}.Debug|Any CPU.ActiveCfg = Debug|Any CPU
		{6381EFE4-8B84-4324-82AF-563E92DEA37D}.Debug|Any CPU.Build.0 = Debug|Any CPU
		{6381EFE4-8B84-4324-82AF-563E92DEA37D}.Release|Any CPU.ActiveCfg = Release|Any CPU
		{6381EFE4-8B84-4324-82AF-563E92DEA37D}.Release|Any CPU.Build.0 = Release|Any CPU
		{029DB5C6-1738-400C-B6B6-21EEC9E1D6DA}.Debug|Any CPU.ActiveCfg = Debug|Any CPU
		{029DB5C6-1738-400C-B6B6-21EEC9E1D6DA}.Debug|Any CPU.Build.0 = Debug|Any CPU
		{029DB5C6-1738-400C-B6B6-21EEC9E1D6DA}.Release|Any CPU.ActiveCfg = Release|Any CPU
		{029DB5C6-1738-400C-B6B6-21EEC9E1D6DA}.Release|Any CPU.Build.0 = Release|Any CPU
		{50F10C33-C82B-42EB-93BD-48395D371D4E}.Debug|Any CPU.ActiveCfg = Debug|Any CPU
		{50F10C33-C82B-42EB-93BD-48395D371D4E}.Debug|Any CPU.Build.0 = Debug|Any CPU
		{50F10C33-C82B-42EB-93BD-48395D371D4E}.Release|Any CPU.ActiveCfg = Release|Any CPU
		{50F10C33-C82B-42EB-93BD-48395D371D4E}.Release|Any CPU.Build.0 = Release|Any CPU
		{B09A98DB-EC55-465D-9B55-7B479F7DF213}.Debug|Any CPU.ActiveCfg = Debug|Any CPU
		{B09A98DB-EC55-465D-9B55-7B479F7DF213}.Debug|Any CPU.Build.0 = Debug|Any CPU
		{B09A98DB-EC55-465D-9B55-7B479F7DF213}.Release|Any CPU.ActiveCfg = Release|Any CPU
		{B09A98DB-EC55-465D-9B55-7B479F7DF213}.Release|Any CPU.Build.0 = Release|Any CPU
		{5F687CBE-C97A-40CB-8733-DB7125239531}.Debug|Any CPU.ActiveCfg = Debug|Any CPU
		{5F687CBE-C97A-40CB-8733-DB7125239531}.Debug|Any CPU.Build.0 = Debug|Any CPU
		{5F687CBE-C97A-40CB-8733-DB7125239531}.Release|Any CPU.ActiveCfg = Release|Any CPU
		{5F687CBE-C97A-40CB-8733-DB7125239531}.Release|Any CPU.Build.0 = Release|Any CPU
		{F65C06A3-15D7-40ED-8217-A45D3A863E33}.Debug|Any CPU.ActiveCfg = Debug|Any CPU
		{F65C06A3-15D7-40ED-8217-A45D3A863E33}.Debug|Any CPU.Build.0 = Debug|Any CPU
		{F65C06A3-15D7-40ED-8217-A45D3A863E33}.Release|Any CPU.ActiveCfg = Release|Any CPU
		{F65C06A3-15D7-40ED-8217-A45D3A863E33}.Release|Any CPU.Build.0 = Release|Any CPU
		{42DF9623-D0BB-4EC8-AC03-D8DF491E23DA}.Debug|Any CPU.ActiveCfg = Debug|Any CPU
		{42DF9623-D0BB-4EC8-AC03-D8DF491E23DA}.Debug|Any CPU.Build.0 = Debug|Any CPU
		{42DF9623-D0BB-4EC8-AC03-D8DF491E23DA}.Release|Any CPU.ActiveCfg = Release|Any CPU
		{42DF9623-D0BB-4EC8-AC03-D8DF491E23DA}.Release|Any CPU.Build.0 = Release|Any CPU
		{A8B02160-D587-4FE4-9CAE-4C8A33633686}.Debug|Any CPU.ActiveCfg = Debug|Any CPU
		{A8B02160-D587-4FE4-9CAE-4C8A33633686}.Debug|Any CPU.Build.0 = Debug|Any CPU
		{A8B02160-D587-4FE4-9CAE-4C8A33633686}.Release|Any CPU.ActiveCfg = Release|Any CPU
		{A8B02160-D587-4FE4-9CAE-4C8A33633686}.Release|Any CPU.Build.0 = Release|Any CPU
		{0210DEC7-C7FA-441A-87C7-4C48286C1926}.Debug|Any CPU.ActiveCfg = Debug|Any CPU
		{0210DEC7-C7FA-441A-87C7-4C48286C1926}.Debug|Any CPU.Build.0 = Debug|Any CPU
		{0210DEC7-C7FA-441A-87C7-4C48286C1926}.Release|Any CPU.ActiveCfg = Release|Any CPU
		{0210DEC7-C7FA-441A-87C7-4C48286C1926}.Release|Any CPU.Build.0 = Release|Any CPU
		{FC2C9A84-7B47-42C1-8099-733377A9FBDC}.Debug|Any CPU.ActiveCfg = Debug|Any CPU
		{FC2C9A84-7B47-42C1-8099-733377A9FBDC}.Debug|Any CPU.Build.0 = Debug|Any CPU
		{FC2C9A84-7B47-42C1-8099-733377A9FBDC}.Release|Any CPU.ActiveCfg = Release|Any CPU
		{FC2C9A84-7B47-42C1-8099-733377A9FBDC}.Release|Any CPU.Build.0 = Release|Any CPU
		{AD7ABB25-82E9-48A4-A862-009FAED67031}.Debug|Any CPU.ActiveCfg = Debug|Any CPU
		{AD7ABB25-82E9-48A4-A862-009FAED67031}.Debug|Any CPU.Build.0 = Debug|Any CPU
		{AD7ABB25-82E9-48A4-A862-009FAED67031}.Release|Any CPU.ActiveCfg = Release|Any CPU
		{AD7ABB25-82E9-48A4-A862-009FAED67031}.Release|Any CPU.Build.0 = Release|Any CPU
		{982C0F28-3F3F-4C6F-89C9-549C6841E1E0}.Debug|Any CPU.ActiveCfg = Debug|Any CPU
		{982C0F28-3F3F-4C6F-89C9-549C6841E1E0}.Debug|Any CPU.Build.0 = Debug|Any CPU
		{982C0F28-3F3F-4C6F-89C9-549C6841E1E0}.Release|Any CPU.ActiveCfg = Release|Any CPU
		{982C0F28-3F3F-4C6F-89C9-549C6841E1E0}.Release|Any CPU.Build.0 = Release|Any CPU
		{0669BEEF-FB04-423A-A283-86CF19A2328B}.Debug|Any CPU.ActiveCfg = Debug|Any CPU
		{0669BEEF-FB04-423A-A283-86CF19A2328B}.Debug|Any CPU.Build.0 = Debug|Any CPU
		{0669BEEF-FB04-423A-A283-86CF19A2328B}.Release|Any CPU.ActiveCfg = Release|Any CPU
		{0669BEEF-FB04-423A-A283-86CF19A2328B}.Release|Any CPU.Build.0 = Release|Any CPU
		{4040C7D5-4286-49B6-A466-46591674CDD1}.Debug|Any CPU.ActiveCfg = Debug|Any CPU
		{4040C7D5-4286-49B6-A466-46591674CDD1}.Debug|Any CPU.Build.0 = Debug|Any CPU
		{4040C7D5-4286-49B6-A466-46591674CDD1}.Release|Any CPU.ActiveCfg = Release|Any CPU
		{4040C7D5-4286-49B6-A466-46591674CDD1}.Release|Any CPU.Build.0 = Release|Any CPU
		{F9CC23EA-7128-4473-92EE-DA7FCE4F49EA}.Debug|Any CPU.ActiveCfg = Debug|Any CPU
		{F9CC23EA-7128-4473-92EE-DA7FCE4F49EA}.Debug|Any CPU.Build.0 = Debug|Any CPU
		{F9CC23EA-7128-4473-92EE-DA7FCE4F49EA}.Release|Any CPU.ActiveCfg = Release|Any CPU
		{F9CC23EA-7128-4473-92EE-DA7FCE4F49EA}.Release|Any CPU.Build.0 = Release|Any CPU
		{55DA34EA-4ADF-47D5-BC2B-77F39006EF73}.Debug|Any CPU.ActiveCfg = Debug|Any CPU
		{55DA34EA-4ADF-47D5-BC2B-77F39006EF73}.Debug|Any CPU.Build.0 = Debug|Any CPU
		{55DA34EA-4ADF-47D5-BC2B-77F39006EF73}.Release|Any CPU.ActiveCfg = Release|Any CPU
		{55DA34EA-4ADF-47D5-BC2B-77F39006EF73}.Release|Any CPU.Build.0 = Release|Any CPU
		{8B79F63F-2F71-4AE5-9EEE-F8826431D258}.Debug|Any CPU.ActiveCfg = Debug|Any CPU
		{8B79F63F-2F71-4AE5-9EEE-F8826431D258}.Debug|Any CPU.Build.0 = Debug|Any CPU
		{8B79F63F-2F71-4AE5-9EEE-F8826431D258}.Release|Any CPU.ActiveCfg = Release|Any CPU
		{8B79F63F-2F71-4AE5-9EEE-F8826431D258}.Release|Any CPU.Build.0 = Release|Any CPU
		{FCEC50E9-71D0-44C5-96D4-3E507652BB3F}.Debug|Any CPU.ActiveCfg = Debug|Any CPU
		{FCEC50E9-71D0-44C5-96D4-3E507652BB3F}.Debug|Any CPU.Build.0 = Debug|Any CPU
		{FCEC50E9-71D0-44C5-96D4-3E507652BB3F}.Release|Any CPU.ActiveCfg = Release|Any CPU
		{FCEC50E9-71D0-44C5-96D4-3E507652BB3F}.Release|Any CPU.Build.0 = Release|Any CPU
		{707E9B42-C73A-4A11-BD1B-9AA5E7D6DE91}.Debug|Any CPU.ActiveCfg = Debug|Any CPU
		{707E9B42-C73A-4A11-BD1B-9AA5E7D6DE91}.Debug|Any CPU.Build.0 = Debug|Any CPU
		{707E9B42-C73A-4A11-BD1B-9AA5E7D6DE91}.Release|Any CPU.ActiveCfg = Release|Any CPU
		{707E9B42-C73A-4A11-BD1B-9AA5E7D6DE91}.Release|Any CPU.Build.0 = Release|Any CPU
		{6B10B0E6-3B30-4016-A23D-1DD56AF5790B}.Debug|Any CPU.ActiveCfg = Debug|Any CPU
		{6B10B0E6-3B30-4016-A23D-1DD56AF5790B}.Debug|Any CPU.Build.0 = Debug|Any CPU
		{6B10B0E6-3B30-4016-A23D-1DD56AF5790B}.Release|Any CPU.ActiveCfg = Release|Any CPU
		{6B10B0E6-3B30-4016-A23D-1DD56AF5790B}.Release|Any CPU.Build.0 = Release|Any CPU
		{66B1DFD3-AE9C-4B1D-89F9-99F648A3EBCC}.Debug|Any CPU.ActiveCfg = Debug|Any CPU
		{66B1DFD3-AE9C-4B1D-89F9-99F648A3EBCC}.Debug|Any CPU.Build.0 = Debug|Any CPU
		{66B1DFD3-AE9C-4B1D-89F9-99F648A3EBCC}.Release|Any CPU.ActiveCfg = Release|Any CPU
		{66B1DFD3-AE9C-4B1D-89F9-99F648A3EBCC}.Release|Any CPU.Build.0 = Release|Any CPU
		{2BC393D4-C2D7-43F9-981D-F7E17797FAFD}.Debug|Any CPU.ActiveCfg = Debug|Any CPU
		{2BC393D4-C2D7-43F9-981D-F7E17797FAFD}.Debug|Any CPU.Build.0 = Debug|Any CPU
		{2BC393D4-C2D7-43F9-981D-F7E17797FAFD}.Release|Any CPU.ActiveCfg = Release|Any CPU
		{2BC393D4-C2D7-43F9-981D-F7E17797FAFD}.Release|Any CPU.Build.0 = Release|Any CPU
		{9535A17C-C798-4868-B57D-AFD2185D73FB}.Debug|Any CPU.ActiveCfg = Debug|Any CPU
		{9535A17C-C798-4868-B57D-AFD2185D73FB}.Debug|Any CPU.Build.0 = Debug|Any CPU
		{9535A17C-C798-4868-B57D-AFD2185D73FB}.Release|Any CPU.ActiveCfg = Release|Any CPU
		{9535A17C-C798-4868-B57D-AFD2185D73FB}.Release|Any CPU.Build.0 = Release|Any CPU
		{1C924E9F-40B7-48D8-937B-DA74E54AFF77}.Debug|Any CPU.ActiveCfg = Debug|Any CPU
		{1C924E9F-40B7-48D8-937B-DA74E54AFF77}.Debug|Any CPU.Build.0 = Debug|Any CPU
		{1C924E9F-40B7-48D8-937B-DA74E54AFF77}.Release|Any CPU.ActiveCfg = Release|Any CPU
		{1C924E9F-40B7-48D8-937B-DA74E54AFF77}.Release|Any CPU.Build.0 = Release|Any CPU
		{4C3E69E3-F990-45BE-B244-3673D55882A9}.Debug|Any CPU.ActiveCfg = Debug|Any CPU
		{4C3E69E3-F990-45BE-B244-3673D55882A9}.Debug|Any CPU.Build.0 = Debug|Any CPU
		{4C3E69E3-F990-45BE-B244-3673D55882A9}.Release|Any CPU.ActiveCfg = Release|Any CPU
		{4C3E69E3-F990-45BE-B244-3673D55882A9}.Release|Any CPU.Build.0 = Release|Any CPU
		{ED48F0DD-8A21-4CB4-BF6B-C37FB965CB6E}.Debug|Any CPU.ActiveCfg = Debug|Any CPU
		{ED48F0DD-8A21-4CB4-BF6B-C37FB965CB6E}.Debug|Any CPU.Build.0 = Debug|Any CPU
		{ED48F0DD-8A21-4CB4-BF6B-C37FB965CB6E}.Release|Any CPU.ActiveCfg = Release|Any CPU
		{ED48F0DD-8A21-4CB4-BF6B-C37FB965CB6E}.Release|Any CPU.Build.0 = Release|Any CPU
		{890852BD-CE90-4F76-9479-E2854943E274}.Debug|Any CPU.ActiveCfg = Debug|Any CPU
		{890852BD-CE90-4F76-9479-E2854943E274}.Debug|Any CPU.Build.0 = Debug|Any CPU
		{890852BD-CE90-4F76-9479-E2854943E274}.Release|Any CPU.ActiveCfg = Release|Any CPU
		{890852BD-CE90-4F76-9479-E2854943E274}.Release|Any CPU.Build.0 = Release|Any CPU
		{A55378D5-C6C0-412A-BA56-E9976BC5E98A}.Debug|Any CPU.ActiveCfg = Debug|Any CPU
		{A55378D5-C6C0-412A-BA56-E9976BC5E98A}.Debug|Any CPU.Build.0 = Debug|Any CPU
		{A55378D5-C6C0-412A-BA56-E9976BC5E98A}.Release|Any CPU.ActiveCfg = Release|Any CPU
		{A55378D5-C6C0-412A-BA56-E9976BC5E98A}.Release|Any CPU.Build.0 = Release|Any CPU
		{5FC13EDC-1C6D-427E-AE63-D0CC0C65C465}.Debug|Any CPU.ActiveCfg = Debug|Any CPU
		{5FC13EDC-1C6D-427E-AE63-D0CC0C65C465}.Debug|Any CPU.Build.0 = Debug|Any CPU
		{5FC13EDC-1C6D-427E-AE63-D0CC0C65C465}.Release|Any CPU.ActiveCfg = Release|Any CPU
		{5FC13EDC-1C6D-427E-AE63-D0CC0C65C465}.Release|Any CPU.Build.0 = Release|Any CPU
		{F3FCAF37-0006-4A66-88DF-4DE92F3BBFC6}.Debug|Any CPU.ActiveCfg = Debug|Any CPU
		{F3FCAF37-0006-4A66-88DF-4DE92F3BBFC6}.Debug|Any CPU.Build.0 = Debug|Any CPU
		{F3FCAF37-0006-4A66-88DF-4DE92F3BBFC6}.Release|Any CPU.ActiveCfg = Release|Any CPU
		{F3FCAF37-0006-4A66-88DF-4DE92F3BBFC6}.Release|Any CPU.Build.0 = Release|Any CPU
		{C754D74A-EEC8-41A9-822F-FE513EC877A3}.Debug|Any CPU.ActiveCfg = Debug|Any CPU
		{C754D74A-EEC8-41A9-822F-FE513EC877A3}.Debug|Any CPU.Build.0 = Debug|Any CPU
		{C754D74A-EEC8-41A9-822F-FE513EC877A3}.Release|Any CPU.ActiveCfg = Release|Any CPU
		{C754D74A-EEC8-41A9-822F-FE513EC877A3}.Release|Any CPU.Build.0 = Release|Any CPU
		{F481C182-878D-4A87-9C08-CADDE136490D}.Debug|Any CPU.ActiveCfg = Debug|Any CPU
		{F481C182-878D-4A87-9C08-CADDE136490D}.Debug|Any CPU.Build.0 = Debug|Any CPU
		{F481C182-878D-4A87-9C08-CADDE136490D}.Release|Any CPU.ActiveCfg = Release|Any CPU
		{F481C182-878D-4A87-9C08-CADDE136490D}.Release|Any CPU.Build.0 = Release|Any CPU
	EndGlobalSection
	GlobalSection(SolutionProperties) = preSolution
		HideSolutionNode = FALSE
	EndGlobalSection
	GlobalSection(NestedProjects) = preSolution
		{4432D07B-6FB1-4089-A921-3831E3E8212A} = {D718B04E-2C0F-45C1-9219-3BE5A6C744C0}
		{9D76F400-FF5A-424E-9CFE-3E4B00DDB64E} = {D718B04E-2C0F-45C1-9219-3BE5A6C744C0}
		{F02F80E5-DA46-4E19-8A18-1D58CDDCFF1C} = {D718B04E-2C0F-45C1-9219-3BE5A6C744C0}
		{D718B04E-2C0F-45C1-9219-3BE5A6C744C0} = {998FBB26-8A4D-4EB8-83DF-69254A03810C}
		{20C9D1E8-1AFD-47A0-82A9-DFE6D084CEA2} = {D718B04E-2C0F-45C1-9219-3BE5A6C744C0}
		{F774DFDE-BE8D-42A5-9342-7CDCEF31BACA} = {D718B04E-2C0F-45C1-9219-3BE5A6C744C0}
		{27BB05E7-4F1C-496E-91E1-272C379692C7} = {32D79FEE-C644-4F3D-B52A-EE3EFA0F096B}
		{32D79FEE-C644-4F3D-B52A-EE3EFA0F096B} = {2BA97CAD-A376-4E22-9A17-4B8C7885019A}
		{32CED335-7D2A-49C7-9D10-986176EAB9F6} = {22B72EB1-BBE7-4D53-9A0A-B126F433BAE4}
		{C3D6AC3F-BA7C-4976-AC76-E968DE5B1E75} = {22B72EB1-BBE7-4D53-9A0A-B126F433BAE4}
		{B14935A4-93F9-47BE-B617-780CDA6672D3} = {22B72EB1-BBE7-4D53-9A0A-B126F433BAE4}
		{D8DF4818-7640-4A19-B8B9-B6F1FDC63088} = {22B72EB1-BBE7-4D53-9A0A-B126F433BAE4}
		{E4CE7EA6-2832-4A96-88BB-B3C83DC1B2D5} = {22B72EB1-BBE7-4D53-9A0A-B126F433BAE4}
		{22B72EB1-BBE7-4D53-9A0A-B126F433BAE4} = {998FBB26-8A4D-4EB8-83DF-69254A03810C}
		{1FA37003-287D-4DA8-8659-9D0DCCF5A79D} = {998FBB26-8A4D-4EB8-83DF-69254A03810C}
		{717BA0B1-8BA5-4617-803A-EE16075D57F9} = {998FBB26-8A4D-4EB8-83DF-69254A03810C}
		{DC74A65F-A7B3-4F01-AC1E-5A147E749410} = {2BA97CAD-A376-4E22-9A17-4B8C7885019A}
		{D88180F9-2363-4248-8328-B624090DFC25} = {DC74A65F-A7B3-4F01-AC1E-5A147E749410}
		{FBF1DFE9-7C1D-49B3-B782-31B7B0DCF211} = {998FBB26-8A4D-4EB8-83DF-69254A03810C}
		{FC933AFD-D393-4321-B593-9C657D6340FB} = {FBF1DFE9-7C1D-49B3-B782-31B7B0DCF211}
		{430CCAFC-6587-4539-80D9-0263CA743F2C} = {FBF1DFE9-7C1D-49B3-B782-31B7B0DCF211}
		{54D0413D-99A6-4DE8-BBB5-838D41D57748} = {FBF1DFE9-7C1D-49B3-B782-31B7B0DCF211}
		{7AB2F5F4-8694-4E01-ABB5-7ECFC5F6A14B} = {FBF1DFE9-7C1D-49B3-B782-31B7B0DCF211}
		{5AC02973-B0F5-4281-989F-068E48F4F9A8} = {FBF1DFE9-7C1D-49B3-B782-31B7B0DCF211}
		{D74C0305-1152-42BE-AAFF-BB5B56E57142} = {717BA0B1-8BA5-4617-803A-EE16075D57F9}
		{FBCBFA3F-0D6B-40EF-934C-3C324FC031D2} = {717BA0B1-8BA5-4617-803A-EE16075D57F9}
		{9A60869F-455C-460C-AC6E-A5DAD30B6C9D} = {717BA0B1-8BA5-4617-803A-EE16075D57F9}
		{B098766F-69A5-4AB9-AA74-92E272AB33A2} = {717BA0B1-8BA5-4617-803A-EE16075D57F9}
		{C457C6A5-83AF-43CA-8068-43AA62EE7083} = {717BA0B1-8BA5-4617-803A-EE16075D57F9}
		{B78302FA-CCF7-4D0B-8177-6DB2C1C09BB8} = {DC74A65F-A7B3-4F01-AC1E-5A147E749410}
		{A5DACEED-D031-48D9-A177-B66731E5146B} = {2BA97CAD-A376-4E22-9A17-4B8C7885019A}
		{3D63531B-025F-4ECB-891F-1C639D48802C} = {A5DACEED-D031-48D9-A177-B66731E5146B}
		{EE355F2F-8604-4DF1-9466-33D21C88A994} = {A5DACEED-D031-48D9-A177-B66731E5146B}
		{D0E4EEA6-B8B1-4F95-80D7-465C72CB04CE} = {2BA97CAD-A376-4E22-9A17-4B8C7885019A}
		{2589F1CA-67A3-4588-997F-6DE326ECF08D} = {D0E4EEA6-B8B1-4F95-80D7-465C72CB04CE}
		{308CC01A-6CB8-4E1D-819A-ED741CA68F49} = {D0E4EEA6-B8B1-4F95-80D7-465C72CB04CE}
		{1203502D-A5A2-44E8-8AFC-700C9211C5C6} = {998FBB26-8A4D-4EB8-83DF-69254A03810C}
		{A12B636B-5632-4459-9588-8EEB2C3EF536} = {1203502D-A5A2-44E8-8AFC-700C9211C5C6}
		{927C73C0-864C-4F69-B120-1EFFDAA35DEC} = {1203502D-A5A2-44E8-8AFC-700C9211C5C6}
		{AEFED1CB-7A53-4DF0-910B-EB204855EF35} = {1203502D-A5A2-44E8-8AFC-700C9211C5C6}
		{1BBE8EE9-1F9A-4581-B507-91AD1949F59C} = {1203502D-A5A2-44E8-8AFC-700C9211C5C6}
		{C62E23D7-8FBF-41B1-9DE5-E5708E87F1D0} = {1203502D-A5A2-44E8-8AFC-700C9211C5C6}
		{A86CBF2A-EBD7-415C-A412-42B69872B7C2} = {2BA97CAD-A376-4E22-9A17-4B8C7885019A}
		{76AFAFDC-85E1-4BD4-A3FA-DEEB832AFE73} = {A86CBF2A-EBD7-415C-A412-42B69872B7C2}
		{40174A91-22A6-454B-BEBF-8CDE82B88E37} = {A86CBF2A-EBD7-415C-A412-42B69872B7C2}
		{EB91ADAB-4D5B-4759-BD2C-7CD58111879B} = {998FBB26-8A4D-4EB8-83DF-69254A03810C}
		{E38D0586-E017-495C-8E20-D44154B3FE45} = {EB91ADAB-4D5B-4759-BD2C-7CD58111879B}
		{68185C8B-7623-4278-A4EA-0358DA5A730E} = {EB91ADAB-4D5B-4759-BD2C-7CD58111879B}
		{366AD697-4A67-4D5A-BCFF-93F8A4701006} = {EB91ADAB-4D5B-4759-BD2C-7CD58111879B}
		{A63A04F2-9237-4095-A5A0-BC6C1885C824} = {EB91ADAB-4D5B-4759-BD2C-7CD58111879B}
		{1502076A-5795-48EC-9BDD-8D20D841B005} = {EB91ADAB-4D5B-4759-BD2C-7CD58111879B}
		{CBCCD918-3522-4C83-A14E-8905CB59F5D9} = {2BA97CAD-A376-4E22-9A17-4B8C7885019A}
		{6381EFE4-8B84-4324-82AF-563E92DEA37D} = {CBCCD918-3522-4C83-A14E-8905CB59F5D9}
		{029DB5C6-1738-400C-B6B6-21EEC9E1D6DA} = {CBCCD918-3522-4C83-A14E-8905CB59F5D9}
		{12A343FD-B83F-4CB7-BDFE-2EC900DAB45D} = {998FBB26-8A4D-4EB8-83DF-69254A03810C}
		{50F10C33-C82B-42EB-93BD-48395D371D4E} = {12A343FD-B83F-4CB7-BDFE-2EC900DAB45D}
		{B09A98DB-EC55-465D-9B55-7B479F7DF213} = {12A343FD-B83F-4CB7-BDFE-2EC900DAB45D}
		{5F687CBE-C97A-40CB-8733-DB7125239531} = {12A343FD-B83F-4CB7-BDFE-2EC900DAB45D}
		{F65C06A3-15D7-40ED-8217-A45D3A863E33} = {12A343FD-B83F-4CB7-BDFE-2EC900DAB45D}
		{7C1A3DCF-752D-47B6-8C7A-2C39DF77E405} = {2BA97CAD-A376-4E22-9A17-4B8C7885019A}
		{42DF9623-D0BB-4EC8-AC03-D8DF491E23DA} = {7C1A3DCF-752D-47B6-8C7A-2C39DF77E405}
		{A8B02160-D587-4FE4-9CAE-4C8A33633686} = {7C1A3DCF-752D-47B6-8C7A-2C39DF77E405}
		{0210DEC7-C7FA-441A-87C7-4C48286C1926} = {12A343FD-B83F-4CB7-BDFE-2EC900DAB45D}
		{FC2C9A84-7B47-42C1-8099-733377A9FBDC} = {2BA97CAD-A376-4E22-9A17-4B8C7885019A}
		{AD7ABB25-82E9-48A4-A862-009FAED67031} = {2BA97CAD-A376-4E22-9A17-4B8C7885019A}
		{982C0F28-3F3F-4C6F-89C9-549C6841E1E0} = {2BA97CAD-A376-4E22-9A17-4B8C7885019A}
		{541ADB54-A004-454C-92C3-BA42F6128417} = {998FBB26-8A4D-4EB8-83DF-69254A03810C}
		{0669BEEF-FB04-423A-A283-86CF19A2328B} = {541ADB54-A004-454C-92C3-BA42F6128417}
		{4040C7D5-4286-49B6-A466-46591674CDD1} = {541ADB54-A004-454C-92C3-BA42F6128417}
		{F9CC23EA-7128-4473-92EE-DA7FCE4F49EA} = {541ADB54-A004-454C-92C3-BA42F6128417}
		{55DA34EA-4ADF-47D5-BC2B-77F39006EF73} = {541ADB54-A004-454C-92C3-BA42F6128417}
		{8B79F63F-2F71-4AE5-9EEE-F8826431D258} = {541ADB54-A004-454C-92C3-BA42F6128417}
		{1A6A500B-AAAC-47D5-98EF-D396A92C0F47} = {2BA97CAD-A376-4E22-9A17-4B8C7885019A}
		{FCEC50E9-71D0-44C5-96D4-3E507652BB3F} = {1A6A500B-AAAC-47D5-98EF-D396A92C0F47}
		{707E9B42-C73A-4A11-BD1B-9AA5E7D6DE91} = {1A6A500B-AAAC-47D5-98EF-D396A92C0F47}
		{B9974023-8037-449F-B88D-B391560A33C4} = {998FBB26-8A4D-4EB8-83DF-69254A03810C}
		{6B10B0E6-3B30-4016-A23D-1DD56AF5790B} = {B9974023-8037-449F-B88D-B391560A33C4}
		{66B1DFD3-AE9C-4B1D-89F9-99F648A3EBCC} = {B9974023-8037-449F-B88D-B391560A33C4}
		{2BC393D4-C2D7-43F9-981D-F7E17797FAFD} = {B9974023-8037-449F-B88D-B391560A33C4}
		{9535A17C-C798-4868-B57D-AFD2185D73FB} = {B9974023-8037-449F-B88D-B391560A33C4}
		{1C924E9F-40B7-48D8-937B-DA74E54AFF77} = {B9974023-8037-449F-B88D-B391560A33C4}
		{22F77F80-72D1-4A03-B7EF-D561746C49EB} = {2BA97CAD-A376-4E22-9A17-4B8C7885019A}
		{4C3E69E3-F990-45BE-B244-3673D55882A9} = {22F77F80-72D1-4A03-B7EF-D561746C49EB}
		{ED48F0DD-8A21-4CB4-BF6B-C37FB965CB6E} = {22F77F80-72D1-4A03-B7EF-D561746C49EB}
		{F481C182-878D-4A87-9C08-CADDE136490D} = {32D79FEE-C644-4F3D-B52A-EE3EFA0F096B}
		{1BE754D9-C8EF-448A-ACEE-BA143700058D} = {998FBB26-8A4D-4EB8-83DF-69254A03810C}
		{890852BD-CE90-4F76-9479-E2854943E274} = {1BE754D9-C8EF-448A-ACEE-BA143700058D}
		{A55378D5-C6C0-412A-BA56-E9976BC5E98A} = {1BE754D9-C8EF-448A-ACEE-BA143700058D}
		{5FC13EDC-1C6D-427E-AE63-D0CC0C65C465} = {1BE754D9-C8EF-448A-ACEE-BA143700058D}
		{F3FCAF37-0006-4A66-88DF-4DE92F3BBFC6} = {1BE754D9-C8EF-448A-ACEE-BA143700058D}
		{C754D74A-EEC8-41A9-822F-FE513EC877A3} = {1BE754D9-C8EF-448A-ACEE-BA143700058D}
	EndGlobalSection
	GlobalSection(ExtensibilityGlobals) = postSolution
		SolutionGuid = {82A87DD7-10AE-459F-85CA-960930D6E024}
	EndGlobalSection
EndGlobal
